{
  "version": 4,
  "terraform_version": "0.15.4",
  "serial": 50,
  "lineage": "5c634df3-cada-3413-7e38-d4328d619a9a",
  "outputs": {},
  "resources": [
    {
      "mode": "data",
      "type": "azuredevops_group",
      "name": "project-administrators",
      "provider": "provider[\"registry.terraform.io/microsoft/azuredevops\"]",
      "instances": [
        {
          "schema_version": 0,
          "attributes": {
            "descriptor": "vssgp.Uy0xLTktMTU1MTM3NDI0NS05MzEwNTg4MjQtMzM5NDE3NDAyMi0yNzAxNzUzNzc0LTI5MzAxMDUwODgtMC0wLTAtMC0x",
            "id": "vssgp.Uy0xLTktMTU1MTM3NDI0NS05MzEwNTg4MjQtMzM5NDE3NDAyMi0yNzAxNzUzNzc0LTI5MzAxMDUwODgtMC0wLTAtMC0x",
            "name": "Project administrators",
            "origin": "vsts",
            "origin_id": "317702d7-88b2-4689-a164-74278c69bcdd",
            "project_id": "5d19226f-c260-4e8b-82fc-233e9e6ba6ba"
          },
          "sensitive_attributes": []
        }
      ]
    },
    {
      "mode": "data",
      "type": "azuredevops_group",
      "name": "project-contributors",
      "provider": "provider[\"registry.terraform.io/microsoft/azuredevops\"]",
      "instances": [
        {
          "schema_version": 0,
          "attributes": {
            "descriptor": "vssgp.Uy0xLTktMTU1MTM3NDI0NS0xODY0NTA1NjkzLTE2MjMzNjIzODItMjE5NzU2MjE3NC0yNjU3ODU1MTYyLTEtNDI2Nzg0NDMyNy02NDE2NDkyMTgtMjYxMTE2NDQ0NC0xNTI1ODcxNTM4",
            "id": "vssgp.Uy0xLTktMTU1MTM3NDI0NS0xODY0NTA1NjkzLTE2MjMzNjIzODItMjE5NzU2MjE3NC0yNjU3ODU1MTYyLTEtNDI2Nzg0NDMyNy02NDE2NDkyMTgtMjYxMTE2NDQ0NC0xNTI1ODcxNTM4",
            "name": "Contributors",
            "origin": "vsts",
            "origin_id": "24fe9706-d7d8-46ff-9983-559a867f9163",
            "project_id": "5d19226f-c260-4e8b-82fc-233e9e6ba6ba"
          },
          "sensitive_attributes": []
        }
      ]
    },
    {
      "mode": "data",
      "type": "azuredevops_group",
      "name": "project-readers",
      "provider": "provider[\"registry.terraform.io/microsoft/azuredevops\"]",
      "instances": [
        {
          "schema_version": 0,
          "attributes": {
            "descriptor": "vssgp.Uy0xLTktMTU1MTM3NDI0NS0xODY0NTA1NjkzLTE2MjMzNjIzODItMjE5NzU2MjE3NC0yNjU3ODU1MTYyLTEtMTE1MjcwOTU1OS0yNzAzNTExNjMwLTI4NTYwMjA2OTItMTgzNTgxNzIxMg",
            "id": "vssgp.Uy0xLTktMTU1MTM3NDI0NS0xODY0NTA1NjkzLTE2MjMzNjIzODItMjE5NzU2MjE3NC0yNjU3ODU1MTYyLTEtMTE1MjcwOTU1OS0yNzAzNTExNjMwLTI4NTYwMjA2OTItMTgzNTgxNzIxMg",
            "name": "Readers",
            "origin": "vsts",
            "origin_id": "2bdb94aa-542c-42be-b25e-95f95162b890",
            "project_id": "5d19226f-c260-4e8b-82fc-233e9e6ba6ba"
          },
          "sensitive_attributes": []
        }
      ]
    },
    {
      "mode": "managed",
      "type": "azuredevops_build_definition",
      "name": "buildwithgroup",
      "provider": "provider[\"registry.terraform.io/microsoft/azuredevops\"]",
      "instances": [
        {
          "schema_version": 0,
          "attributes": {
            "agent_pool_name": "Hosted Ubuntu 1604",
            "ci_trigger": [
              {
                "override": [],
                "use_yaml": true
              }
            ],
            "id": "76",
            "name": "Sample Build Pipeline with VarGroup",
            "path": "\\",
            "project_id": "5d19226f-c260-4e8b-82fc-233e9e6ba6ba",
            "pull_request_trigger": [],
            "repository": [
              {
                "branch_name": "refs/heads/master",
                "github_enterprise_url": "",
                "repo_id": "8b692660-869e-4398-9d57-e6a2395a299d",
                "repo_type": "TfsGit",
                "report_build_status": true,
                "service_connection_id": "",
                "yml_path": "azure-pipelines.yml"
              }
            ],
            "revision": 2,
            "variable": [],
            "variable_groups": [
              15
            ]
          },
          "sensitive_attributes": [],
          "private": "bnVsbA==",
          "dependencies": [
            "azuredevops_project.project",
            "azuredevops_variable_group.vars",
            "azuredevops_git_repository.repo"
          ]
        }
      ]
    },
    {
      "mode": "managed",
      "type": "azuredevops_build_definition_permissions",
      "name": "g_group_permissions",
      "provider": "provider[\"registry.terraform.io/microsoft/azuredevops\"]",
      "instances": [
        {
          "schema_version": 0,
          "attributes": {
            "build_definition_id": "76",
            "id": "5d19226f-c260-4e8b-82fc-233e9e6ba6ba/76/vssgp.Uy0xLTktMTU1MTM3NDI0NS05MzEwNTg4MjQtMzM5NDE3NDAyMi0yNzAxNzUzNzc0LTI5MzAxMDUwODgtMS0zMTIyMjY3MjYyLTM4NTIyMzA0NzAtMjQ1MTYzNzI0Mi0zMjkxODI0NTAy",
            "permissions": {
              "DeleteBuilds": "deny",
              "DestroyBuilds": "deny",
              "EditBuildQuality": "deny",
              "StopBuilds": "deny",
              "ViewBuilds": "allow"
            },
            "principal": "vssgp.Uy0xLTktMTU1MTM3NDI0NS05MzEwNTg4MjQtMzM5NDE3NDAyMi0yNzAxNzUzNzc0LTI5MzAxMDUwODgtMS0zMTIyMjY3MjYyLTM4NTIyMzA0NzAtMjQ1MTYzNzI0Mi0zMjkxODI0NTAy",
            "project_id": "5d19226f-c260-4e8b-82fc-233e9e6ba6ba",
            "replace": true
          },
          "sensitive_attributes": [],
          "private": "bnVsbA==",
          "dependencies": [
            "azuredevops_build_definition.buildwithgroup",
            "azuredevops_git_repository.repo",
            "azuredevops_group.g",
            "azuredevops_project.project",
            "azuredevops_variable_group.vars"
          ]
        }
      ]
    },
    {
      "mode": "managed",
      "type": "azuredevops_build_definition_permissions",
      "name": "readers_group_permissions",
      "provider": "provider[\"registry.terraform.io/microsoft/azuredevops\"]",
      "instances": [
        {
          "schema_version": 0,
          "attributes": {
            "build_definition_id": "76",
            "id": "5d19226f-c260-4e8b-82fc-233e9e6ba6ba/76/vssgp.Uy0xLTktMTU1MTM3NDI0NS0xODY0NTA1NjkzLTE2MjMzNjIzODItMjE5NzU2MjE3NC0yNjU3ODU1MTYyLTEtMTE1MjcwOTU1OS0yNzAzNTExNjMwLTI4NTYwMjA2OTItMTgzNTgxNzIxMg",
            "permissions": {
              "DeleteBuilds": "deny",
              "DestroyBuilds": "allow",
              "EditBuildQuality": "deny",
              "StopBuilds": "allow",
              "ViewBuilds": "allow"
            },
            "principal": "vssgp.Uy0xLTktMTU1MTM3NDI0NS0xODY0NTA1NjkzLTE2MjMzNjIzODItMjE5NzU2MjE3NC0yNjU3ODU1MTYyLTEtMTE1MjcwOTU1OS0yNzAzNTExNjMwLTI4NTYwMjA2OTItMTgzNTgxNzIxMg",
            "project_id": "5d19226f-c260-4e8b-82fc-233e9e6ba6ba",
            "replace": true
          },
          "sensitive_attributes": [],
          "private": "bnVsbA==",
          "dependencies": [
            "data.azuredevops_group.project-readers",
            "azuredevops_build_definition.buildwithgroup",
            "azuredevops_git_repository.repo",
            "azuredevops_project.project",
            "azuredevops_variable_group.vars"
          ]
        }
      ]
    },
    {
      "mode": "managed",
      "type": "azuredevops_git_permissions",
      "name": "project-git-repo-permissions",
      "provider": "provider[\"registry.terraform.io/microsoft/azuredevops\"]",
      "instances": [
        {
          "schema_version": 0,
          "attributes": {
            "branch_name": null,
            "id": "repoV2/5d19226f-c260-4e8b-82fc-233e9e6ba6ba/8b692660-869e-4398-9d57-e6a2395a299d/vssgp.Uy0xLTktMTU1MTM3NDI0NS05MzEwNTg4MjQtMzM5NDE3NDAyMi0yNzAxNzUzNzc0LTI5MzAxMDUwODgtMC0wLTAtMC0x",
            "permissions": {
              "CreateBranch": "allow",
              "CreateTag": "allow",
              "ManagePermissions": "deny",
              "RemoveOthersLocks": "allow"
            },
            "principal": "vssgp.Uy0xLTktMTU1MTM3NDI0NS05MzEwNTg4MjQtMzM5NDE3NDAyMi0yNzAxNzUzNzc0LTI5MzAxMDUwODgtMC0wLTAtMC0x",
            "project_id": "5d19226f-c260-4e8b-82fc-233e9e6ba6ba",
            "replace": true,
            "repository_id": "8b692660-869e-4398-9d57-e6a2395a299d"
          },
          "sensitive_attributes": [],
          "private": "bnVsbA==",
          "dependencies": [
            "azuredevops_git_repository.repo",
            "azuredevops_project.project",
            "data.azuredevops_group.project-administrators"
          ]
        }
      ]
    },
    {
      "mode": "managed",
      "type": "azuredevops_git_permissions",
      "name": "project-git-root-permissions",
      "provider": "provider[\"registry.terraform.io/microsoft/azuredevops\"]",
      "instances": [
        {
          "schema_version": 0,
          "attributes": {
            "branch_name": null,
            "id": "repoV2/5d19226f-c260-4e8b-82fc-233e9e6ba6ba/vssgp.Uy0xLTktMTU1MTM3NDI0NS0xODY0NTA1NjkzLTE2MjMzNjIzODItMjE5NzU2MjE3NC0yNjU3ODU1MTYyLTEtMTE1MjcwOTU1OS0yNzAzNTExNjMwLTI4NTYwMjA2OTItMTgzNTgxNzIxMg",
            "permissions": {
              "CreateRepository": "deny",
              "DeleteRepository": "deny",
              "RenameRepository": "notset"
            },
            "principal": "vssgp.Uy0xLTktMTU1MTM3NDI0NS0xODY0NTA1NjkzLTE2MjMzNjIzODItMjE5NzU2MjE3NC0yNjU3ODU1MTYyLTEtMTE1MjcwOTU1OS0yNzAzNTExNjMwLTI4NTYwMjA2OTItMTgzNTgxNzIxMg",
            "project_id": "5d19226f-c260-4e8b-82fc-233e9e6ba6ba",
            "replace": true,
            "repository_id": null
          },
          "sensitive_attributes": [],
          "private": "bnVsbA==",
          "dependencies": [
            "azuredevops_project.project",
            "data.azuredevops_group.project-readers"
          ]
        }
      ]
    },
    {
      "mode": "managed",
      "type": "azuredevops_git_repository",
      "name": "repo",
      "provider": "provider[\"registry.terraform.io/microsoft/azuredevops\"]",
      "instances": [
        {
          "schema_version": 0,
          "attributes": {
            "default_branch": "refs/heads/master",
            "id": "8b692660-869e-4398-9d57-e6a2395a299d",
            "initialization": [
              {
                "init_type": "Import",
                "source_type": "Git",
                "source_url": "https://github.com/microsoft/MLOps.git"
              }
            ],
            "is_fork": false,
            "name": "Sample Import from Azure MLOps Git Repo",
            "parent_repository_id": null,
            "project_id": "5d19226f-c260-4e8b-82fc-233e9e6ba6ba",
            "remote_url": "https://yaelghal@dev.azure.com/yaelghal/Test%20Project/_git/Sample%20Import%20from%20Azure%20MLOps%20Git%20Repo",
            "size": 392456314,
            "ssh_url": "git@ssh.dev.azure.com:v3/yaelghal/Test%20Project/Sample%20Import%20from%20Azure%20MLOps%20Git%20Repo",
            "url": "https://dev.azure.com/yaelghal/5d19226f-c260-4e8b-82fc-233e9e6ba6ba/_apis/git/repositories/8b692660-869e-4398-9d57-e6a2395a299d",
            "web_url": "https://dev.azure.com/yaelghal/Test%20Project/_git/Sample%20Import%20from%20Azure%20MLOps%20Git%20Repo"
          },
          "sensitive_attributes": [],
          "private": "bnVsbA==",
          "dependencies": [
            "azuredevops_project.project"
          ]
        }
      ]
    },
    {
      "mode": "managed",
      "type": "azuredevops_group",
      "name": "g",
      "provider": "provider[\"registry.terraform.io/microsoft/azuredevops\"]",
      "instances": [
        {
          "schema_version": 0,
          "attributes": {
            "description": "Azure Devops Group Created From Terraform",
            "descriptor": "vssgp.Uy0xLTktMTU1MTM3NDI0NS05MzEwNTg4MjQtMzM5NDE3NDAyMi0yNzAxNzUzNzc0LTI5MzAxMDUwODgtMS0zMTIyMjY3MjYyLTM4NTIyMzA0NzAtMjQ1MTYzNzI0Mi0zMjkxODI0NTAy",
            "display_name": "Terraform created AZ Devops Group",
            "domain": "vstfs:///Classification/TeamProject/5d19226f-c260-4e8b-82fc-233e9e6ba6ba",
            "id": "vssgp.Uy0xLTktMTU1MTM3NDI0NS05MzEwNTg4MjQtMzM5NDE3NDAyMi0yNzAxNzUzNzc0LTI5MzAxMDUwODgtMS0zMTIyMjY3MjYyLTM4NTIyMzA0NzAtMjQ1MTYzNzI0Mi0zMjkxODI0NTAy",
            "mail": null,
            "members": [
              "aad.NjNiZTRjMmUtMDViYi03YzI0LTk2MTctYmEwZGM2NjlhNzQ0"
            ],
            "origin": "vsts",
            "origin_id": "603519ce-2181-4388-a38d-b1ad9cd45575",
            "principal_name": "[Test Project]\\Terraform created AZ Devops Group",
            "scope": "5d19226f-c260-4e8b-82fc-233e9e6ba6ba",
            "subject_kind": "group",
            "url": "https://vssps.dev.azure.com/yaelghal/_apis/Graph/Groups/vssgp.Uy0xLTktMTU1MTM3NDI0NS05MzEwNTg4MjQtMzM5NDE3NDAyMi0yNzAxNzUzNzc0LTI5MzAxMDUwODgtMS0zMTIyMjY3MjYyLTM4NTIyMzA0NzAtMjQ1MTYzNzI0Mi0zMjkxODI0NTAy"
          },
          "sensitive_attributes": [],
          "private": "bnVsbA==",
          "dependencies": [
            "azuredevops_project.project"
          ]
        }
      ]
    },
    {
      "mode": "managed",
      "type": "azuredevops_group_membership",
      "name": "membership",
      "provider": "provider[\"registry.terraform.io/microsoft/azuredevops\"]",
      "instances": [
        {
          "schema_version": 0,
          "attributes": {
            "group": "vssgp.Uy0xLTktMTU1MTM3NDI0NS05MzEwNTg4MjQtMzM5NDE3NDAyMi0yNzAxNzUzNzc0LTI5MzAxMDUwODgtMS0zMTIyMjY3MjYyLTM4NTIyMzA0NzAtMjQ1MTYzNzI0Mi0zMjkxODI0NTAy",
            "id": "5577006791947779410",
            "members": [
              "aad.NjNiZTRjMmUtMDViYi03YzI0LTk2MTctYmEwZGM2NjlhNzQ0"
            ],
            "mode": "add"
          },
          "sensitive_attributes": [],
          "private": "bnVsbA==",
          "dependencies": [
            "azuredevops_group.g",
            "azuredevops_project.project",
            "azuredevops_user_entitlement.user_yaya"
          ]
        }
      ]
    },
    {
      "mode": "managed",
      "type": "azuredevops_project",
      "name": "project",
      "provider": "provider[\"registry.terraform.io/microsoft/azuredevops\"]",
      "instances": [
        {
          "schema_version": 0,
          "attributes": {
            "description": "This Project is generated by Terraform Weaaaayyyaa",
            "features": {
              "artifacts": "disabled",
              "testplans": "disabled"
            },
            "id": "5d19226f-c260-4e8b-82fc-233e9e6ba6ba",
            "name": "Test Project",
            "process_template_id": "adcc42ab-9882-485e-a3ed-7678f01f66bc",
            "timeouts": null,
            "version_control": "Git",
            "visibility": "private",
            "work_item_template": "Agile"
          },
          "sensitive_attributes": [],
          "private": "eyJlMmJmYjczMC1lY2FhLTExZTYtOGY4OC0zNDM2M2JjN2M0YzAiOnsiY3JlYXRlIjo2MDAwMDAwMDAwMDAsImRlbGV0ZSI6NjAwMDAwMDAwMDAwLCJyZWFkIjozMDAwMDAwMDAwMDAsInVwZGF0ZSI6NjAwMDAwMDAwMDAwfX0="
        }
      ]
    },
    {
      "mode": "managed",
      "type": "azuredevops_project_permissions",
      "name": "project-perm",
      "provider": "provider[\"registry.terraform.io/microsoft/azuredevops\"]",
      "instances": [
        {
          "schema_version": 0,
          "attributes": {
            "id": "$PROJECT:vstfs:///Classification/TeamProject/5d19226f-c260-4e8b-82fc-233e9e6ba6ba/vssgp.Uy0xLTktMTU1MTM3NDI0NS0xODY0NTA1NjkzLTE2MjMzNjIzODItMjE5NzU2MjE3NC0yNjU3ODU1MTYyLTEtMTE1MjcwOTU1OS0yNzAzNTExNjMwLTI4NTYwMjA2OTItMTgzNTgxNzIxMg",
            "permissions": {
              "DELETE": "deny",
              "DELETE_TEST_RESULTS": "deny",
              "EDIT_BUILD_STATUS": "notset",
              "GENERIC_WRITE": "deny",
              "MANAGE_PROPERTIES": "deny",
              "RENAME": "allow",
              "WORK_ITEM_MOVE": "allow"
            },
            "principal": "vssgp.Uy0xLTktMTU1MTM3NDI0NS0xODY0NTA1NjkzLTE2MjMzNjIzODItMjE5NzU2MjE3NC0yNjU3ODU1MTYyLTEtMTE1MjcwOTU1OS0yNzAzNTExNjMwLTI4NTYwMjA2OTItMTgzNTgxNzIxMg",
            "project_id": "5d19226f-c260-4e8b-82fc-233e9e6ba6ba",
            "replace": true
          },
          "sensitive_attributes": [],
          "private": "bnVsbA==",
          "dependencies": [
            "azuredevops_project.project",
            "data.azuredevops_group.project-readers"
          ]
        }
      ]
    },
    {
      "mode": "managed",
      "type": "azuredevops_user_entitlement",
      "name": "user_yaya",
      "provider": "provider[\"registry.terraform.io/microsoft/azuredevops\"]",
      "instances": [
        {
          "schema_version": 0,
          "attributes": {
            "account_license_type": "earlyAdopter",
            "descriptor": "aad.NjNiZTRjMmUtMDViYi03YzI0LTk2MTctYmEwZGM2NjlhNzQ0",
            "id": "63be4c2e-05bb-6c24-9617-ba0dc669a744",
            "licensing_source": "account",
            "origin": "aad",
            "origin_id": "1fbd699f-9400-4369-a845-8900f27a49e0",
            "principal_name": "yaelghal@microsoft.com"
          },
          "sensitive_attributes": [],
          "private": "bnVsbA=="
        }
      ]
    },
    {
      "mode": "managed",
      "type": "azuredevops_variable_group",
      "name": "vars",
      "provider": "provider[\"registry.terraform.io/microsoft/azuredevops\"]",
      "instances": [
        {
          "schema_version": 0,
          "attributes": {
            "allow_access": true,
            "description": "",
            "id": "15",
            "key_vault": [],
            "name": "my-variable-group",
            "project_id": "5d19226f-c260-4e8b-82fc-233e9e6ba6ba",
            "variable": [
              {
                "content_type": "",
                "enabled": false,
                "expires": "",
                "is_secret": false,
                "name": "var1",
                "secret_value": "",
                "value": "value1"
              },
              {
                "content_type": "",
                "enabled": false,
                "expires": "",
                "is_secret": false,
                "name": "var2",
                "secret_value": "",
                "value": "value2"
              }
            ]
          },
          "sensitive_attributes": [],
          "private": "bnVsbA==",
          "dependencies": [
            "azuredevops_project.project"
          ]
        }
      ]
    }
  ]
}
